<?xml version="1.0" encoding="utf-8"?>
<Project ToolsVersion="4.0" xmlns="http://schemas.microsoft.com/developer/msbuild/2003">
  <ItemGroup>
    <Filter Include="Resource Files">
      <UniqueIdentifier>{67DA6AB6-F800-4c08-8B7A-83BB121AAD01}</UniqueIdentifier>
      <Extensions>rc;ico;cur;bmp;dlg;rc2;rct;bin;rgs;gif;jpg;jpeg;jpe;resx;tiff;tif;png;wav;mfcribbon-ms</Extensions>
    </Filter>
    <Filter Include="Engine">
      <UniqueIdentifier>{c70bc702-3b3a-42d8-bb8c-460430c19678}</UniqueIdentifier>
    </Filter>
    <Filter Include="Engine\Core">
      <UniqueIdentifier>{646d6cfc-a2e7-4319-b0c1-5a887269c2d3}</UniqueIdentifier>
    </Filter>
    <Filter Include="Engine\Messaging">
      <UniqueIdentifier>{2dedbc26-174d-4eda-9494-54db848ee191}</UniqueIdentifier>
    </Filter>
    <Filter Include="Engine\Messaging\Interfaces">
      <UniqueIdentifier>{9c9d40c7-788f-4f5f-8e1d-40ba387a23f6}</UniqueIdentifier>
    </Filter>
    <Filter Include="Engine\Messaging\Messages">
      <UniqueIdentifier>{e63b7ddb-2442-4b92-85d8-ba70e5a76d8c}</UniqueIdentifier>
    </Filter>
    <Filter Include="Engine\Systems">
      <UniqueIdentifier>{ae4d192a-01ce-42f1-b1ad-1b7a2b681e72}</UniqueIdentifier>
    </Filter>
    <Filter Include="Engine\Systems\SceneBuilding">
      <UniqueIdentifier>{e85f2dae-88a6-4048-909c-ce979cf5746e}</UniqueIdentifier>
    </Filter>
    <Filter Include="Engine\Systems\Graphics">
      <UniqueIdentifier>{b8a59ff7-c965-4f7d-bd2a-27966ec6a9e3}</UniqueIdentifier>
    </Filter>
    <Filter Include="Engine\Systems\Graphics\APIs">
      <UniqueIdentifier>{ff139ad1-bfbe-4114-8d38-a93926f3d006}</UniqueIdentifier>
    </Filter>
    <Filter Include="Engine\GameObject">
      <UniqueIdentifier>{010bd2a2-5328-4f7e-9921-50132ab2c5d8}</UniqueIdentifier>
    </Filter>
    <Filter Include="Engine\GameObject\Components">
      <UniqueIdentifier>{60661f79-2e5e-4278-91fa-877bee3dcba2}</UniqueIdentifier>
    </Filter>
    <Filter Include="Engine\GameObject\Components\ComponentInterfaces">
      <UniqueIdentifier>{909407a2-42de-4a86-8a15-237e1be804fe}</UniqueIdentifier>
    </Filter>
    <Filter Include="Engine\Systems\SceneManagement">
      <UniqueIdentifier>{fb9a0179-661c-4111-9bcd-07ddef011699}</UniqueIdentifier>
    </Filter>
    <Filter Include="Engine\Messaging\Messages\GraphicsSystemMessages">
      <UniqueIdentifier>{4494ebbc-216f-43b6-902f-e7811906c722}</UniqueIdentifier>
    </Filter>
    <Filter Include="Engine\Messaging\Messages\SceneSystemMessages">
      <UniqueIdentifier>{ddc152fd-c3a7-46d0-8459-635731dc7dd4}</UniqueIdentifier>
    </Filter>
    <Filter Include="Engine\Messaging\Messages\ComponentMessages">
      <UniqueIdentifier>{b0e39682-ba6b-41da-b8b6-c14133a36eb4}</UniqueIdentifier>
    </Filter>
    <Filter Include="Engine\Messaging\ComponentMessaging">
      <UniqueIdentifier>{7edb3620-1674-4d24-b5b0-3180993d6781}</UniqueIdentifier>
    </Filter>
    <Filter Include="Engine\Systems\MainWindow">
      <UniqueIdentifier>{44b8c23a-8fac-42d8-b0b3-b712175c9218}</UniqueIdentifier>
    </Filter>
    <Filter Include="Engine\Messaging\SystemMessaging">
      <UniqueIdentifier>{cf362e14-cac7-4df8-a249-8bece6c385f5}</UniqueIdentifier>
    </Filter>
    <Filter Include="Engine\Messaging\Messages\InputMessages">
      <UniqueIdentifier>{b0f3cda0-58c8-419a-9a95-8a88b9d2bc93}</UniqueIdentifier>
    </Filter>
    <Filter Include="Engine\Systems\Input">
      <UniqueIdentifier>{245b14c1-47c6-4e82-9002-48da06b22402}</UniqueIdentifier>
    </Filter>
    <Filter Include="Resource Files\Scenes">
      <UniqueIdentifier>{f3d69617-5a79-4f65-9709-f8d2afd2f651}</UniqueIdentifier>
    </Filter>
    <Filter Include="Engine\Systems\Engine">
      <UniqueIdentifier>{f5284d41-7fbd-45f4-acf9-6ae76f473b35}</UniqueIdentifier>
    </Filter>
    <Filter Include="Engine\Systems\Logging">
      <UniqueIdentifier>{8179bf38-109e-44b5-b23f-4f515c928087}</UniqueIdentifier>
    </Filter>
  </ItemGroup>
  <ItemGroup>
    <ClInclude Include="CustomException.h">
      <Filter>Engine\Core</Filter>
    </ClInclude>
    <ClInclude Include="Resource.h">
      <Filter>Engine\Core</Filter>
    </ClInclude>
    <ClInclude Include="Consts.h">
      <Filter>Engine\Core</Filter>
    </ClInclude>
    <ClInclude Include="WinDefines.h">
      <Filter>Engine\Core</Filter>
    </ClInclude>
    <ClInclude Include="Math.h">
      <Filter>Engine\Core</Filter>
    </ClInclude>
    <ClInclude Include="IListener.h">
      <Filter>Engine\Messaging\Interfaces</Filter>
    </ClInclude>
    <ClInclude Include="IMessenger.h">
      <Filter>Engine\Messaging\Interfaces</Filter>
    </ClInclude>
    <ClInclude Include="GameObject.h">
      <Filter>Engine\GameObject</Filter>
    </ClInclude>
    <ClInclude Include="IComponent.h">
      <Filter>Engine\GameObject\Components\ComponentInterfaces</Filter>
    </ClInclude>
    <ClInclude Include="TransformComponent.h">
      <Filter>Engine\GameObject\Components</Filter>
    </ClInclude>
    <ClInclude Include="SystemManager.h">
      <Filter>Engine\Systems</Filter>
    </ClInclude>
    <ClInclude Include="BuildSceneMessage.h">
      <Filter>Engine\Messaging\Messages\SceneSystemMessages</Filter>
    </ClInclude>
    <ClInclude Include="TestGraphics.h">
      <Filter>Engine\Systems\Graphics\APIs</Filter>
    </ClInclude>
    <ClInclude Include="IGraphics.h">
      <Filter>Engine\Systems\Graphics</Filter>
    </ClInclude>
    <ClInclude Include="DXErr.h">
      <Filter>Engine\Systems\Graphics</Filter>
    </ClInclude>
    <ClInclude Include="ISystemMessage.h">
      <Filter>Engine\Messaging\Messages</Filter>
    </ClInclude>
    <ClInclude Include="SceneBuilder.h">
      <Filter>Engine\Systems\SceneBuilding</Filter>
    </ClInclude>
    <ClInclude Include="InitaliseGraphicsMessage.h">
      <Filter>Engine\Messaging\Messages\GraphicsSystemMessages</Filter>
    </ClInclude>
    <ClInclude Include="SceneManager.h">
      <Filter>Engine\Systems\SceneManagement</Filter>
    </ClInclude>
    <ClInclude Include="FrameTimer.h">
      <Filter>Engine\Systems\SceneManagement</Filter>
    </ClInclude>
    <ClInclude Include="IComponentMessage.h">
      <Filter>Engine\Messaging\Messages</Filter>
    </ClInclude>
    <ClInclude Include="IMessage.h">
      <Filter>Engine\Messaging\Messages</Filter>
    </ClInclude>
    <ClInclude Include="IMessageableComponent.h">
      <Filter>Engine\Messaging\ComponentMessaging</Filter>
    </ClInclude>
    <ClInclude Include="IDrawableComponent.h">
      <Filter>Engine\GameObject\Components\ComponentInterfaces</Filter>
    </ClInclude>
    <ClInclude Include="IUpdateableComponent.h">
      <Filter>Engine\GameObject\Components\ComponentInterfaces</Filter>
    </ClInclude>
    <ClInclude Include="MainWindow.h">
      <Filter>Engine\Systems\MainWindow</Filter>
    </ClInclude>
    <ClInclude Include="SystemMessageDispatcher.h">
      <Filter>Engine\Messaging\SystemMessaging</Filter>
    </ClInclude>
    <ClInclude Include="SystemMessageListener.h">
      <Filter>Engine\Messaging\SystemMessaging</Filter>
    </ClInclude>
    <ClInclude Include="SystemMessageMessenger.h">
      <Filter>Engine\Messaging\SystemMessaging</Filter>
    </ClInclude>
    <ClInclude Include="ComponentFactory.h">
      <Filter>Engine\GameObject</Filter>
    </ClInclude>
    <ClInclude Include="InputKeyboardMessage.h">
      <Filter>Engine\Messaging\Messages\InputMessages</Filter>
    </ClInclude>
    <ClInclude Include="InputMouseMessage.h">
      <Filter>Engine\Messaging\Messages\InputMessages</Filter>
    </ClInclude>
    <ClInclude Include="SetParentTransformMessage.h">
      <Filter>Engine\Messaging\Messages\ComponentMessages</Filter>
    </ClInclude>
    <ClInclude Include="RequestBuildSceneMessage.h">
      <Filter>Engine\Messaging\Messages\SceneSystemMessages</Filter>
    </ClInclude>
    <ClInclude Include="ComponentBuilder.h">
      <Filter>Engine\Systems\SceneBuilding</Filter>
    </ClInclude>
    <ClInclude Include="Engine.h">
      <Filter>Engine\Systems\Engine</Filter>
    </ClInclude>
    <ClInclude Include="ISystem.h">
      <Filter>Engine\Systems</Filter>
    </ClInclude>
    <ClInclude Include="DrawSceneMessage.h">
      <Filter>Engine\Messaging\Messages\GraphicsSystemMessages</Filter>
    </ClInclude>
    <ClInclude Include="InputHandler.h">
      <Filter>Engine\Systems\Input</Filter>
    </ClInclude>
    <ClInclude Include="ICommand.h">
      <Filter>Engine\Systems\Input</Filter>
    </ClInclude>
    <ClInclude Include="TestCommand.h">
      <Filter>Engine\Systems\Input</Filter>
    </ClInclude>
    <ClInclude Include="Scene.h">
      <Filter>Engine\Systems\SceneManagement</Filter>
    </ClInclude>
    <ClInclude Include="Logger.h">
      <Filter>Engine\Systems\Logging</Filter>
    </ClInclude>
    <ClInclude Include="ISystemToGameObjectMessage.h">
      <Filter>Engine\Messaging\Messages\ComponentMessages</Filter>
    </ClInclude>
  </ItemGroup>
  <ItemGroup>
    <ClCompile Include="Main.cpp">
      <Filter>Engine\Core</Filter>
    </ClCompile>
    <ClCompile Include="GameObject.cpp">
      <Filter>Engine\GameObject</Filter>
    </ClCompile>
    <ClCompile Include="TransformComponent.cpp">
      <Filter>Engine\GameObject\Components</Filter>
    </ClCompile>
    <ClCompile Include="SystemManager.cpp">
      <Filter>Engine\Systems</Filter>
    </ClCompile>
    <ClCompile Include="TestGraphics.cpp">
      <Filter>Engine\Systems\Graphics\APIs</Filter>
    </ClCompile>
    <ClCompile Include="DXErr.cpp">
      <Filter>Engine\Systems\Graphics</Filter>
    </ClCompile>
    <ClCompile Include="SceneBuilder.cpp">
      <Filter>Engine\Systems\SceneBuilding</Filter>
    </ClCompile>
    <ClCompile Include="FrameTimer.cpp">
      <Filter>Engine\Systems\SceneManagement</Filter>
    </ClCompile>
    <ClCompile Include="MainWindow.cpp">
      <Filter>Engine\Systems\MainWindow</Filter>
    </ClCompile>
    <ClCompile Include="SystemMessageDispatcher.cpp">
      <Filter>Engine\Messaging\SystemMessaging</Filter>
    </ClCompile>
    <ClCompile Include="ComponentBuilder.cpp">
      <Filter>Engine\Systems\SceneBuilding</Filter>
    </ClCompile>
    <ClCompile Include="Engine.cpp">
      <Filter>Engine\Systems\Engine</Filter>
    </ClCompile>
    <ClCompile Include="InputHandler.cpp">
      <Filter>Engine\Systems\Input</Filter>
    </ClCompile>
    <ClCompile Include="TestCommand.cpp">
      <Filter>Engine\Systems\Input</Filter>
    </ClCompile>
    <ClCompile Include="Scene.cpp">
      <Filter>Engine\Systems\SceneManagement</Filter>
    </ClCompile>
    <ClCompile Include="SceneManager.cpp">
      <Filter>Engine\Systems\SceneManagement</Filter>
    </ClCompile>
  </ItemGroup>
  <ItemGroup>
    <ResourceCompile Include="Resource.rc">
      <Filter>Resource Files</Filter>
    </ResourceCompile>
  </ItemGroup>
  <ItemGroup>
    <Image Include="directx.ico">
      <Filter>Resource Files</Filter>
    </Image>
  </ItemGroup>
  <ItemGroup>
    <Xml Include="..\Resources\Scenes\Scene1.xml">
      <Filter>Resource Files\Scenes</Filter>
    </Xml>
  </ItemGroup>
</Project>