<?xml version="1.0" encoding="utf-8"?>
<Project ToolsVersion="4.0" xmlns="http://schemas.microsoft.com/developer/msbuild/2003">
  <ItemGroup>
    <Filter Include="Resource Files">
      <UniqueIdentifier>{67DA6AB6-F800-4c08-8B7A-83BB121AAD01}</UniqueIdentifier>
      <Extensions>rc;ico;cur;bmp;dlg;rc2;rct;bin;rgs;gif;jpg;jpeg;jpe;resx;tiff;tif;png;wav;mfcribbon-ms</Extensions>
    </Filter>
    <Filter Include="Engine">
      <UniqueIdentifier>{c70bc702-3b3a-42d8-bb8c-460430c19678}</UniqueIdentifier>
    </Filter>
    <Filter Include="Engine\Core">
      <UniqueIdentifier>{646d6cfc-a2e7-4319-b0c1-5a887269c2d3}</UniqueIdentifier>
    </Filter>
    <Filter Include="Engine\Messaging">
      <UniqueIdentifier>{2dedbc26-174d-4eda-9494-54db848ee191}</UniqueIdentifier>
    </Filter>
    <Filter Include="Engine\Messaging\Interfaces">
      <UniqueIdentifier>{9c9d40c7-788f-4f5f-8e1d-40ba387a23f6}</UniqueIdentifier>
    </Filter>
    <Filter Include="Engine\Messaging\PostOffice">
      <UniqueIdentifier>{cf362e14-cac7-4df8-a249-8bece6c385f5}</UniqueIdentifier>
    </Filter>
    <Filter Include="Engine\Messaging\Messages">
      <UniqueIdentifier>{e63b7ddb-2442-4b92-85d8-ba70e5a76d8c}</UniqueIdentifier>
    </Filter>
    <Filter Include="Engine\Scene Management">
      <UniqueIdentifier>{fb9a0179-661c-4111-9bcd-07ddef011699}</UniqueIdentifier>
    </Filter>
    <Filter Include="Engine\Scene Management\GameObject">
      <UniqueIdentifier>{010bd2a2-5328-4f7e-9921-50132ab2c5d8}</UniqueIdentifier>
    </Filter>
    <Filter Include="Engine\Scene Management\GameObject\Components">
      <UniqueIdentifier>{60661f79-2e5e-4278-91fa-877bee3dcba2}</UniqueIdentifier>
    </Filter>
    <Filter Include="Engine\Scene Management\GameObject\Components\ComponentInterfaces">
      <UniqueIdentifier>{909407a2-42de-4a86-8a15-237e1be804fe}</UniqueIdentifier>
    </Filter>
    <Filter Include="Engine\Scene Management\Scenes">
      <UniqueIdentifier>{0f6d4ca5-694d-4652-8aef-c753a6208af8}</UniqueIdentifier>
    </Filter>
    <Filter Include="Engine\Systems">
      <UniqueIdentifier>{ae4d192a-01ce-42f1-b1ad-1b7a2b681e72}</UniqueIdentifier>
    </Filter>
    <Filter Include="Engine\Messaging\Messages\SceneMessages">
      <UniqueIdentifier>{ddc152fd-c3a7-46d0-8459-635731dc7dd4}</UniqueIdentifier>
    </Filter>
    <Filter Include="Engine\Scene Management\GameObject\Components\ComponentMessages">
      <UniqueIdentifier>{287c9858-2952-4663-a672-e3d222c81de4}</UniqueIdentifier>
    </Filter>
    <Filter Include="Engine\Systems\SceneBuilding">
      <UniqueIdentifier>{e85f2dae-88a6-4048-909c-ce979cf5746e}</UniqueIdentifier>
    </Filter>
    <Filter Include="Engine\Systems\Graphics">
      <UniqueIdentifier>{b8a59ff7-c965-4f7d-bd2a-27966ec6a9e3}</UniqueIdentifier>
    </Filter>
    <Filter Include="Engine\Systems\Graphics\APIs">
      <UniqueIdentifier>{ff139ad1-bfbe-4114-8d38-a93926f3d006}</UniqueIdentifier>
    </Filter>
    <Filter Include="Engine\Messaging\Messages\GraphicsMessages">
      <UniqueIdentifier>{4494ebbc-216f-43b6-902f-e7811906c722}</UniqueIdentifier>
    </Filter>
  </ItemGroup>
  <ItemGroup>
    <ClInclude Include="CustomException.h">
      <Filter>Engine\Core</Filter>
    </ClInclude>
    <ClInclude Include="Resource.h">
      <Filter>Engine\Core</Filter>
    </ClInclude>
    <ClInclude Include="Consts.h">
      <Filter>Engine\Core</Filter>
    </ClInclude>
    <ClInclude Include="COMInitializer.h">
      <Filter>Engine\Core</Filter>
    </ClInclude>
    <ClInclude Include="MainWindow.h">
      <Filter>Engine\Core</Filter>
    </ClInclude>
    <ClInclude Include="WinDefines.h">
      <Filter>Engine\Core</Filter>
    </ClInclude>
    <ClInclude Include="Math.h">
      <Filter>Engine\Core</Filter>
    </ClInclude>
    <ClInclude Include="Engine.h">
      <Filter>Engine\Core</Filter>
    </ClInclude>
    <ClInclude Include="FrameTimer.h">
      <Filter>Engine\Systems\Graphics</Filter>
    </ClInclude>
    <ClInclude Include="IListener.h">
      <Filter>Engine\Messaging\Interfaces</Filter>
    </ClInclude>
    <ClInclude Include="IMessenger.h">
      <Filter>Engine\Messaging\Interfaces</Filter>
    </ClInclude>
    <ClInclude Include="PostOffice.h">
      <Filter>Engine\Messaging\PostOffice</Filter>
    </ClInclude>
    <ClInclude Include="PostOfficeMessenger.h">
      <Filter>Engine\Messaging\PostOffice</Filter>
    </ClInclude>
    <ClInclude Include="PostOfficeListener.h">
      <Filter>Engine\Messaging\PostOffice</Filter>
    </ClInclude>
    <ClInclude Include="GameObject.h">
      <Filter>Engine\Scene Management\GameObject</Filter>
    </ClInclude>
    <ClInclude Include="IComponent.h">
      <Filter>Engine\Scene Management\GameObject\Components\ComponentInterfaces</Filter>
    </ClInclude>
    <ClInclude Include="IDrawable.h">
      <Filter>Engine\Scene Management\GameObject\Components\ComponentInterfaces</Filter>
    </ClInclude>
    <ClInclude Include="IUpdateable.h">
      <Filter>Engine\Scene Management\GameObject\Components\ComponentInterfaces</Filter>
    </ClInclude>
    <ClInclude Include="TransformComponent.h">
      <Filter>Engine\Scene Management\GameObject\Components</Filter>
    </ClInclude>
    <ClInclude Include="IScene.h">
      <Filter>Engine\Scene Management\Scenes</Filter>
    </ClInclude>
    <ClInclude Include="ISystem.h">
      <Filter>Engine\Systems</Filter>
    </ClInclude>
    <ClInclude Include="SystemManager.h">
      <Filter>Engine\Systems</Filter>
    </ClInclude>
    <ClInclude Include="BuildSceneMessage.h">
      <Filter>Engine\Messaging\Messages\SceneMessages</Filter>
    </ClInclude>
    <ClInclude Include="TestGraphics.h">
      <Filter>Engine\Systems\Graphics\APIs</Filter>
    </ClInclude>
    <ClInclude Include="IGraphics.h">
      <Filter>Engine\Systems\Graphics</Filter>
    </ClInclude>
    <ClInclude Include="DXErr.h">
      <Filter>Engine\Systems\Graphics</Filter>
    </ClInclude>
    <ClInclude Include="ISystemMessage.h">
      <Filter>Engine\Messaging\Messages</Filter>
    </ClInclude>
    <ClInclude Include="IComponentMessage.h">
      <Filter>Engine\Scene Management\GameObject\Components\ComponentInterfaces</Filter>
    </ClInclude>
    <ClInclude Include="IMessageable.h">
      <Filter>Engine\Scene Management\GameObject\Components\ComponentInterfaces</Filter>
    </ClInclude>
    <ClInclude Include="SceneBuilder.h">
      <Filter>Engine\Systems\SceneBuilding</Filter>
    </ClInclude>
    <ClInclude Include="InitaliseGraphicsMessage.h">
      <Filter>Engine\Messaging\Messages\GraphicsMessages</Filter>
    </ClInclude>
    <ClInclude Include="DrawSpriteMessage.h">
      <Filter>Engine\Messaging\Messages\GraphicsMessages</Filter>
    </ClInclude>
  </ItemGroup>
  <ItemGroup>
    <ClCompile Include="Main.cpp">
      <Filter>Engine\Core</Filter>
    </ClCompile>
    <ClCompile Include="COMInitializer.cpp">
      <Filter>Engine\Core</Filter>
    </ClCompile>
    <ClCompile Include="MainWindow.cpp">
      <Filter>Engine\Core</Filter>
    </ClCompile>
    <ClCompile Include="Engine.cpp">
      <Filter>Engine\Core</Filter>
    </ClCompile>
    <ClCompile Include="FrameTimer.cpp">
      <Filter>Engine\Systems\Graphics</Filter>
    </ClCompile>
    <ClCompile Include="PostOffice.cpp">
      <Filter>Engine\Messaging\PostOffice</Filter>
    </ClCompile>
    <ClCompile Include="GameObject.cpp">
      <Filter>Engine\Scene Management\GameObject</Filter>
    </ClCompile>
    <ClCompile Include="TransformComponent.cpp">
      <Filter>Engine\Scene Management\GameObject\Components</Filter>
    </ClCompile>
    <ClCompile Include="SystemManager.cpp">
      <Filter>Engine\Systems</Filter>
    </ClCompile>
    <ClCompile Include="IScene.cpp">
      <Filter>Engine\Scene Management\Scenes</Filter>
    </ClCompile>
    <ClCompile Include="TestGraphics.cpp">
      <Filter>Engine\Systems\Graphics\APIs</Filter>
    </ClCompile>
    <ClCompile Include="DXErr.cpp">
      <Filter>Engine\Systems\Graphics</Filter>
    </ClCompile>
    <ClCompile Include="SceneBuilder.cpp">
      <Filter>Engine\Systems\SceneBuilding</Filter>
    </ClCompile>
  </ItemGroup>
  <ItemGroup>
    <ResourceCompile Include="Resource.rc">
      <Filter>Resource Files</Filter>
    </ResourceCompile>
  </ItemGroup>
  <ItemGroup>
    <Image Include="directx.ico">
      <Filter>Resource Files</Filter>
    </Image>
  </ItemGroup>
</Project>