<?xml version="1.0" encoding="utf-8"?>
<Project ToolsVersion="4.0" xmlns="http://schemas.microsoft.com/developer/msbuild/2003">
  <ItemGroup>
    <Filter Include="Resource Files">
      <UniqueIdentifier>{67DA6AB6-F800-4c08-8B7A-83BB121AAD01}</UniqueIdentifier>
      <Extensions>rc;ico;cur;bmp;dlg;rc2;rct;bin;rgs;gif;jpg;jpeg;jpe;resx;tiff;tif;png;wav;mfcribbon-ms</Extensions>
    </Filter>
    <Filter Include="Engine">
      <UniqueIdentifier>{c70bc702-3b3a-42d8-bb8c-460430c19678}</UniqueIdentifier>
    </Filter>
    <Filter Include="Engine\Core">
      <UniqueIdentifier>{646d6cfc-a2e7-4319-b0c1-5a887269c2d3}</UniqueIdentifier>
    </Filter>
    <Filter Include="Engine\Messaging">
      <UniqueIdentifier>{2dedbc26-174d-4eda-9494-54db848ee191}</UniqueIdentifier>
    </Filter>
    <Filter Include="Engine\Messaging\Interfaces">
      <UniqueIdentifier>{9c9d40c7-788f-4f5f-8e1d-40ba387a23f6}</UniqueIdentifier>
    </Filter>
    <Filter Include="Engine\Messaging\Messages">
      <UniqueIdentifier>{e63b7ddb-2442-4b92-85d8-ba70e5a76d8c}</UniqueIdentifier>
    </Filter>
    <Filter Include="Engine\Systems">
      <UniqueIdentifier>{ae4d192a-01ce-42f1-b1ad-1b7a2b681e72}</UniqueIdentifier>
    </Filter>
    <Filter Include="Engine\Systems\SceneBuilding">
      <UniqueIdentifier>{e85f2dae-88a6-4048-909c-ce979cf5746e}</UniqueIdentifier>
    </Filter>
    <Filter Include="Engine\Systems\Graphics">
      <UniqueIdentifier>{b8a59ff7-c965-4f7d-bd2a-27966ec6a9e3}</UniqueIdentifier>
    </Filter>
    <Filter Include="Engine\Systems\Graphics\APIs">
      <UniqueIdentifier>{ff139ad1-bfbe-4114-8d38-a93926f3d006}</UniqueIdentifier>
    </Filter>
    <Filter Include="Engine\GameObject">
      <UniqueIdentifier>{010bd2a2-5328-4f7e-9921-50132ab2c5d8}</UniqueIdentifier>
    </Filter>
    <Filter Include="Engine\GameObject\Components">
      <UniqueIdentifier>{60661f79-2e5e-4278-91fa-877bee3dcba2}</UniqueIdentifier>
    </Filter>
    <Filter Include="Engine\GameObject\Components\ComponentInterfaces">
      <UniqueIdentifier>{909407a2-42de-4a86-8a15-237e1be804fe}</UniqueIdentifier>
    </Filter>
    <Filter Include="Engine\Systems\SceneManagement">
      <UniqueIdentifier>{fb9a0179-661c-4111-9bcd-07ddef011699}</UniqueIdentifier>
    </Filter>
    <Filter Include="Engine\Messaging\Messages\GraphicsSystemMessages">
      <UniqueIdentifier>{4494ebbc-216f-43b6-902f-e7811906c722}</UniqueIdentifier>
    </Filter>
    <Filter Include="Engine\Messaging\Messages\SceneSystemMessages">
      <UniqueIdentifier>{ddc152fd-c3a7-46d0-8459-635731dc7dd4}</UniqueIdentifier>
    </Filter>
    <Filter Include="Engine\Messaging\Messages\ComponentMessages">
      <UniqueIdentifier>{b0e39682-ba6b-41da-b8b6-c14133a36eb4}</UniqueIdentifier>
    </Filter>
    <Filter Include="Engine\Messaging\ComponentMessaging">
      <UniqueIdentifier>{7edb3620-1674-4d24-b5b0-3180993d6781}</UniqueIdentifier>
    </Filter>
    <Filter Include="Engine\Systems\MainWindow">
      <UniqueIdentifier>{44b8c23a-8fac-42d8-b0b3-b712175c9218}</UniqueIdentifier>
    </Filter>
    <Filter Include="Engine\Messaging\SystemMessaging">
      <UniqueIdentifier>{cf362e14-cac7-4df8-a249-8bece6c385f5}</UniqueIdentifier>
    </Filter>
    <Filter Include="Engine\Messaging\Messages\InputMessages">
      <UniqueIdentifier>{b0f3cda0-58c8-419a-9a95-8a88b9d2bc93}</UniqueIdentifier>
    </Filter>
    <Filter Include="Engine\Systems\Input">
      <UniqueIdentifier>{245b14c1-47c6-4e82-9002-48da06b22402}</UniqueIdentifier>
    </Filter>
    <Filter Include="Resource Files\Scenes">
      <UniqueIdentifier>{f3d69617-5a79-4f65-9709-f8d2afd2f651}</UniqueIdentifier>
    </Filter>
    <Filter Include="Engine\EditorInterface">
      <UniqueIdentifier>{79a17cc0-d40b-4f62-baa1-4952dddb647c}</UniqueIdentifier>
    </Filter>
    <Filter Include="Engine\Systems\Editor">
      <UniqueIdentifier>{7aa82932-b61f-4bce-8d03-2b8ec4c9a855}</UniqueIdentifier>
    </Filter>
    <Filter Include="Engine\Systems\SceneSaving">
      <UniqueIdentifier>{2eccfda8-6f7a-4ab5-b524-83434fe0e948}</UniqueIdentifier>
    </Filter>
    <Filter Include="Engine\GameObject\Components\Graphics">
      <UniqueIdentifier>{558c11be-4d1a-4052-a0b5-7638fc498c9b}</UniqueIdentifier>
    </Filter>
    <Filter Include="Engine\Systems\Physics">
      <UniqueIdentifier>{38f46296-e2ff-4255-a34c-0efae76ec13f}</UniqueIdentifier>
    </Filter>
    <Filter Include="Engine\GameObject\Components\Physics">
      <UniqueIdentifier>{c1006ffe-8b5b-4d40-bd0e-6f9ac9cb0992}</UniqueIdentifier>
    </Filter>
    <Filter Include="Game">
      <UniqueIdentifier>{c1c38dd6-b903-453e-a643-7cea8deebd61}</UniqueIdentifier>
    </Filter>
    <Filter Include="Game\Alex">
      <UniqueIdentifier>{34df43a6-740e-4c87-b1dc-15541d7e57a5}</UniqueIdentifier>
    </Filter>
    <Filter Include="Engine\Systems\Audio">
      <UniqueIdentifier>{68560b5e-dd0a-4e75-b712-16578cb612ac}</UniqueIdentifier>
    </Filter>
  </ItemGroup>
  <ItemGroup>
    <ClInclude Include="CustomException.h">
      <Filter>Engine\Core</Filter>
    </ClInclude>
    <ClInclude Include="Resource.h">
      <Filter>Engine\Core</Filter>
    </ClInclude>
    <ClInclude Include="Consts.h">
      <Filter>Engine\Core</Filter>
    </ClInclude>
    <ClInclude Include="WinDefines.h">
      <Filter>Engine\Core</Filter>
    </ClInclude>
    <ClInclude Include="Math.h">
      <Filter>Engine\Core</Filter>
    </ClInclude>
    <ClInclude Include="IListener.h">
      <Filter>Engine\Messaging\Interfaces</Filter>
    </ClInclude>
    <ClInclude Include="IMessenger.h">
      <Filter>Engine\Messaging\Interfaces</Filter>
    </ClInclude>
    <ClInclude Include="GameObject.h">
      <Filter>Engine\GameObject</Filter>
    </ClInclude>
    <ClInclude Include="IComponent.h">
      <Filter>Engine\GameObject\Components\ComponentInterfaces</Filter>
    </ClInclude>
    <ClInclude Include="TransformComponent.h">
      <Filter>Engine\GameObject\Components</Filter>
    </ClInclude>
    <ClInclude Include="BuildSceneMessage.h">
      <Filter>Engine\Messaging\Messages\SceneSystemMessages</Filter>
    </ClInclude>
    <ClInclude Include="IGraphics.h">
      <Filter>Engine\Systems\Graphics</Filter>
    </ClInclude>
    <ClInclude Include="ISystemMessage.h">
      <Filter>Engine\Messaging\Messages</Filter>
    </ClInclude>
    <ClInclude Include="SceneBuilder.h">
      <Filter>Engine\Systems\SceneBuilding</Filter>
    </ClInclude>
    <ClInclude Include="InitaliseGraphicsMessage.h">
      <Filter>Engine\Messaging\Messages\GraphicsSystemMessages</Filter>
    </ClInclude>
    <ClInclude Include="SceneManager.h">
      <Filter>Engine\Systems\SceneManagement</Filter>
    </ClInclude>
    <ClInclude Include="IComponentMessage.h">
      <Filter>Engine\Messaging\Messages</Filter>
    </ClInclude>
    <ClInclude Include="IMessage.h">
      <Filter>Engine\Messaging\Messages</Filter>
    </ClInclude>
    <ClInclude Include="IMessageableComponent.h">
      <Filter>Engine\Messaging\ComponentMessaging</Filter>
    </ClInclude>
    <ClInclude Include="IDrawableComponent.h">
      <Filter>Engine\GameObject\Components\ComponentInterfaces</Filter>
    </ClInclude>
    <ClInclude Include="IUpdateableComponent.h">
      <Filter>Engine\GameObject\Components\ComponentInterfaces</Filter>
    </ClInclude>
    <ClInclude Include="MainWindow.h">
      <Filter>Engine\Systems\MainWindow</Filter>
    </ClInclude>
    <ClInclude Include="SystemMessageDispatcher.h">
      <Filter>Engine\Messaging\SystemMessaging</Filter>
    </ClInclude>
    <ClInclude Include="SystemMessageListener.h">
      <Filter>Engine\Messaging\SystemMessaging</Filter>
    </ClInclude>
    <ClInclude Include="SystemMessageMessenger.h">
      <Filter>Engine\Messaging\SystemMessaging</Filter>
    </ClInclude>
    <ClInclude Include="ComponentFactory.h">
      <Filter>Engine\GameObject</Filter>
    </ClInclude>
    <ClInclude Include="InputKeyboardMessage.h">
      <Filter>Engine\Messaging\Messages\InputMessages</Filter>
    </ClInclude>
    <ClInclude Include="InputMouseMessage.h">
      <Filter>Engine\Messaging\Messages\InputMessages</Filter>
    </ClInclude>
    <ClInclude Include="SetParentTransformMessage.h">
      <Filter>Engine\Messaging\Messages\ComponentMessages</Filter>
    </ClInclude>
    <ClInclude Include="RequestBuildSceneMessage.h">
      <Filter>Engine\Messaging\Messages\SceneSystemMessages</Filter>
    </ClInclude>
    <ClInclude Include="ComponentBuilder.h">
      <Filter>Engine\Systems\SceneBuilding</Filter>
    </ClInclude>
    <ClInclude Include="ISystem.h">
      <Filter>Engine\Systems</Filter>
    </ClInclude>
    <ClInclude Include="InputHandler.h">
      <Filter>Engine\Systems\Input</Filter>
    </ClInclude>
    <ClInclude Include="ICommand.h">
      <Filter>Engine\Systems\Input</Filter>
    </ClInclude>
    <ClInclude Include="TestCommand.h">
      <Filter>Engine\Systems\Input</Filter>
    </ClInclude>
    <ClInclude Include="Scene.h">
      <Filter>Engine\Systems\SceneManagement</Filter>
    </ClInclude>
    <ClInclude Include="ISystemToGameObjectMessage.h">
      <Filter>Engine\Messaging\Messages\ComponentMessages</Filter>
    </ClInclude>
    <ClInclude Include="Editor.h">
      <Filter>Engine\Systems\Editor</Filter>
    </ClInclude>
    <ClInclude Include="EditorInputInterface.h">
      <Filter>Engine\EditorInterface</Filter>
    </ClInclude>
    <ClInclude Include="EditorEngineInterface.h">
      <Filter>Engine\EditorInterface</Filter>
    </ClInclude>
    <ClInclude Include="EditorSceneInterface.h">
      <Filter>Engine\EditorInterface</Filter>
    </ClInclude>
    <ClInclude Include="Engine.h">
      <Filter>Engine\Core</Filter>
    </ClInclude>
    <ClInclude Include="SceneSaver.h">
      <Filter>Engine\Systems\SceneSaving</Filter>
    </ClInclude>
    <ClInclude Include="SaveSceneMessage.h">
      <Filter>Engine\Messaging\Messages\SceneSystemMessages</Filter>
    </ClInclude>
    <ClInclude Include="RequestSaveSceneMessage.h">
      <Filter>Engine\Messaging\Messages\SceneSystemMessages</Filter>
    </ClInclude>
    <ClInclude Include="IEditableComponent.h">
      <Filter>Engine\GameObject\Components\ComponentInterfaces</Filter>
    </ClInclude>
    <ClInclude Include="ComponentSaver.h">
      <Filter>Engine\Systems\SceneSaving</Filter>
    </ClInclude>
    <ClInclude Include="DxGraphics.h">
      <Filter>Engine\Systems\Graphics\APIs</Filter>
    </ClInclude>
    <ClInclude Include="Camera.h">
      <Filter>Engine\Systems\Graphics</Filter>
    </ClInclude>
    <ClInclude Include="SpriteRendererComponent.h">
      <Filter>Engine\GameObject\Components\Graphics</Filter>
    </ClInclude>
    <ClInclude Include="TextRendererComponent.h">
      <Filter>Engine\GameObject\Components\Graphics</Filter>
    </ClInclude>
    <ClInclude Include="IRenderableComponent.h">
      <Filter>Engine\GameObject\Components\Graphics</Filter>
    </ClInclude>
    <ClInclude Include="TextureManager.h">
      <Filter>Engine\Systems\Graphics</Filter>
    </ClInclude>
    <ClInclude Include="PhysicsSystem.h">
      <Filter>Engine\Systems\Physics</Filter>
    </ClInclude>
    <ClInclude Include="Logger.h">
      <Filter>Engine\Core</Filter>
    </ClInclude>
    <ClInclude Include="BoxColliderComponent.h">
      <Filter>Engine\GameObject\Components\Physics</Filter>
    </ClInclude>
    <ClInclude Include="CircleColliderComponent.h">
      <Filter>Engine\GameObject\Components\Physics</Filter>
    </ClInclude>
    <ClInclude Include="ColliderComponent.h">
      <Filter>Engine\GameObject\Components\Physics</Filter>
    </ClInclude>
    <ClInclude Include="PolygonColliderComponent.h">
      <Filter>Engine\GameObject\Components\Physics</Filter>
    </ClInclude>
    <ClInclude Include="RigidBodyComponent.h">
      <Filter>Engine\GameObject\Components\Physics</Filter>
    </ClInclude>
    <ClInclude Include="Collision.h">
      <Filter>Engine\Systems\Physics</Filter>
    </ClInclude>
    <ClInclude Include="ObjectGrid.h">
      <Filter>Engine\Systems\Physics</Filter>
    </ClInclude>
    <ClInclude Include="UpdateSystemMessage.h">
      <Filter>Engine\Messaging\Messages\SceneSystemMessages</Filter>
    </ClInclude>
    <ClInclude Include="SceneMessage.h">
      <Filter>Engine\Messaging\Messages\SceneSystemMessages</Filter>
    </ClInclude>
    <ClInclude Include="InputHandlerToGameObjectMessage.h">
      <Filter>Engine\Messaging\Messages\InputMessages</Filter>
    </ClInclude>
    <ClInclude Include="Animation.h">
      <Filter>Engine\Systems\Graphics</Filter>
    </ClInclude>
    <ClInclude Include="DXErr.h">
      <Filter>Engine\Systems\Graphics</Filter>
    </ClInclude>
    <ClInclude Include="IStartableComponent.h">
      <Filter>Engine\GameObject\Components\ComponentInterfaces</Filter>
    </ClInclude>
    <ClInclude Include="AddForceMessage.h">
      <Filter>Engine\Messaging\Messages\ComponentMessages</Filter>
    </ClInclude>
    <ClInclude Include="AudioSoundFileManager.h">
      <Filter>Engine\Systems\Audio</Filter>
    </ClInclude>
    <ClInclude Include="AudioSystem.h">
      <Filter>Engine\Systems\Audio</Filter>
    </ClInclude>
    <ClInclude Include="GlobalVariables.h">
      <Filter>Engine\Core</Filter>
    </ClInclude>
    <ClInclude Include="AlexComponentFactory.h">
      <Filter>Game\Alex</Filter>
    </ClInclude>
    <ClInclude Include="AlexControllerComponent.h">
      <Filter>Game\Alex</Filter>
    </ClInclude>
  </ItemGroup>
  <ItemGroup>
    <ClCompile Include="Main.cpp">
      <Filter>Engine\Core</Filter>
    </ClCompile>
    <ClCompile Include="GameObject.cpp">
      <Filter>Engine\GameObject</Filter>
    </ClCompile>
    <ClCompile Include="TransformComponent.cpp">
      <Filter>Engine\GameObject\Components</Filter>
    </ClCompile>
    <ClCompile Include="SceneBuilder.cpp">
      <Filter>Engine\Systems\SceneBuilding</Filter>
    </ClCompile>
    <ClCompile Include="MainWindow.cpp">
      <Filter>Engine\Systems\MainWindow</Filter>
    </ClCompile>
    <ClCompile Include="SystemMessageDispatcher.cpp">
      <Filter>Engine\Messaging\SystemMessaging</Filter>
    </ClCompile>
    <ClCompile Include="ComponentBuilder.cpp">
      <Filter>Engine\Systems\SceneBuilding</Filter>
    </ClCompile>
    <ClCompile Include="InputHandler.cpp">
      <Filter>Engine\Systems\Input</Filter>
    </ClCompile>
    <ClCompile Include="TestCommand.cpp">
      <Filter>Engine\Systems\Input</Filter>
    </ClCompile>
    <ClCompile Include="Scene.cpp">
      <Filter>Engine\Systems\SceneManagement</Filter>
    </ClCompile>
    <ClCompile Include="SceneManager.cpp">
      <Filter>Engine\Systems\SceneManagement</Filter>
    </ClCompile>
    <ClCompile Include="Editor.cpp">
      <Filter>Engine\Systems\Editor</Filter>
    </ClCompile>
    <ClCompile Include="EditorInputInterface.cpp">
      <Filter>Engine\EditorInterface</Filter>
    </ClCompile>
    <ClCompile Include="EditorEngineInterface.cpp">
      <Filter>Engine\EditorInterface</Filter>
    </ClCompile>
    <ClCompile Include="EditorSceneInterface.cpp">
      <Filter>Engine\EditorInterface</Filter>
    </ClCompile>
    <ClCompile Include="Engine.cpp">
      <Filter>Engine\Core</Filter>
    </ClCompile>
    <ClCompile Include="SceneSaver.cpp">
      <Filter>Engine\Systems\SceneSaving</Filter>
    </ClCompile>
    <ClCompile Include="ComponentSaver.cpp">
      <Filter>Engine\Systems\SceneSaving</Filter>
    </ClCompile>
    <ClCompile Include="ComponentFactory.cpp">
      <Filter>Engine\GameObject</Filter>
    </ClCompile>
    <ClCompile Include="DxGraphics.cpp">
      <Filter>Engine\Systems\Graphics\APIs</Filter>
    </ClCompile>
    <ClCompile Include="Camera.cpp">
      <Filter>Engine\Systems\Graphics</Filter>
    </ClCompile>
    <ClCompile Include="SpriteRendererComponent.cpp">
      <Filter>Engine\GameObject\Components\Graphics</Filter>
    </ClCompile>
    <ClCompile Include="TextRendererComponent.cpp">
      <Filter>Engine\GameObject\Components\Graphics</Filter>
    </ClCompile>
    <ClCompile Include="TextureManager.cpp">
      <Filter>Engine\Systems\Graphics</Filter>
    </ClCompile>
    <ClCompile Include="PhysicsSystem.cpp">
      <Filter>Engine\Systems\Physics</Filter>
    </ClCompile>
    <ClCompile Include="BoxColliderComponent.cpp">
      <Filter>Engine\GameObject\Components\Physics</Filter>
    </ClCompile>
    <ClCompile Include="CircleColliderComponent.cpp">
      <Filter>Engine\GameObject\Components\Physics</Filter>
    </ClCompile>
    <ClCompile Include="PolygonColliderComponent.cpp">
      <Filter>Engine\GameObject\Components\Physics</Filter>
    </ClCompile>
    <ClCompile Include="RigidBodyComponent.cpp">
      <Filter>Engine\GameObject\Components\Physics</Filter>
    </ClCompile>
    <ClCompile Include="Collision.cpp">
      <Filter>Engine\Systems\Physics</Filter>
    </ClCompile>
    <ClCompile Include="ObjectGrid.cpp">
      <Filter>Engine\Systems\Physics</Filter>
    </ClCompile>
    <ClCompile Include="DXErr.cpp" />
    <ClCompile Include="Animation.cpp">
      <Filter>Engine\Systems\Graphics</Filter>
    </ClCompile>
    <ClCompile Include="DXErr.cpp">
      <Filter>Engine\Systems\Graphics</Filter>
    </ClCompile>
    <ClCompile Include="AudioSoundFileManager.cpp">
      <Filter>Engine\Systems\Audio</Filter>
    </ClCompile>
    <ClCompile Include="AudioSystem.cpp">
      <Filter>Engine\Systems\Audio</Filter>
    </ClCompile>
    <ClCompile Include="AlexComponentFactory.cpp">
      <Filter>Game\Alex</Filter>
    </ClCompile>
    <ClCompile Include="AlexControllerComponent.cpp">
      <Filter>Game\Alex</Filter>
    </ClCompile>
  </ItemGroup>
  <ItemGroup>
    <ResourceCompile Include="Resource.rc">
      <Filter>Resource Files</Filter>
    </ResourceCompile>
  </ItemGroup>
  <ItemGroup>
    <Image Include="directx.ico">
      <Filter>Resource Files</Filter>
    </Image>
  </ItemGroup>
  <ItemGroup>
    <Xml Include="..\Resources\Scenes\Scene1.xml">
      <Filter>Resource Files\Scenes</Filter>
    </Xml>
  </ItemGroup>
</Project>