<?xml version="1.0" encoding="utf-8"?>
<Project ToolsVersion="4.0" xmlns="http://schemas.microsoft.com/developer/msbuild/2003">
  <ItemGroup>
    <Filter Include="SystemTests">
      <UniqueIdentifier>{de71e003-ec23-4a1e-a638-38c169484d6c}</UniqueIdentifier>
    </Filter>
    <Filter Include="SystemTests\SceneBuilder">
      <UniqueIdentifier>{90ad5812-dfee-4241-b747-e0940dd8a65b}</UniqueIdentifier>
    </Filter>
    <Filter Include="Source">
      <UniqueIdentifier>{6c8cbbe5-799d-4751-b065-08f08354ad33}</UniqueIdentifier>
    </Filter>
    <Filter Include="GameObjectTests">
      <UniqueIdentifier>{5b950b75-0597-4281-a421-4bb9c32aaef2}</UniqueIdentifier>
    </Filter>
    <Filter Include="MessagingTests">
      <UniqueIdentifier>{e916b4f1-e469-45bb-a1a4-f16269df86b6}</UniqueIdentifier>
    </Filter>
  </ItemGroup>
  <ItemGroup>
    <ClCompile Include="..\Engine\ComponentBuilder.cpp">
      <Filter>Source</Filter>
    </ClCompile>
    <ClCompile Include="..\Engine\DXErr.cpp">
      <Filter>Source</Filter>
    </ClCompile>
    <ClCompile Include="..\Engine\FrameTimer.cpp">
      <Filter>Source</Filter>
    </ClCompile>
    <ClCompile Include="..\Engine\GameObject.cpp">
      <Filter>Source</Filter>
    </ClCompile>
    <ClCompile Include="..\Engine\Main.cpp">
      <Filter>Source</Filter>
    </ClCompile>
    <ClCompile Include="..\Engine\MainWindow.cpp">
      <Filter>Source</Filter>
    </ClCompile>
    <ClCompile Include="..\Engine\SceneBuilder.cpp">
      <Filter>Source</Filter>
    </ClCompile>
    <ClCompile Include="..\Engine\SystemMessageDispatcher.cpp">
      <Filter>Source</Filter>
    </ClCompile>
    <ClCompile Include="..\Engine\TestGraphics.cpp">
      <Filter>Source</Filter>
    </ClCompile>
    <ClCompile Include="..\Engine\TransformComponent.cpp">
      <Filter>Source</Filter>
    </ClCompile>
    <ClCompile Include="SceneBuilderTests.cpp">
      <Filter>SystemTests\SceneBuilder</Filter>
    </ClCompile>
    <ClCompile Include="GameObjectTests.cpp">
      <Filter>GameObjectTests</Filter>
    </ClCompile>
    <ClCompile Include="MessagingTests.cpp">
      <Filter>MessagingTests</Filter>
    </ClCompile>
    <ClCompile Include="..\Engine\InputHandler.cpp">
      <Filter>Source</Filter>
    </ClCompile>
    <ClCompile Include="..\Engine\TestCommand.cpp">
      <Filter>Source</Filter>
    </ClCompile>
    <ClCompile Include="..\Engine\Scene.cpp">
      <Filter>Source</Filter>
    </ClCompile>
    <ClCompile Include="..\Engine\Editor.cpp">
      <Filter>Source</Filter>
    </ClCompile>
    <ClCompile Include="..\Engine\SceneManager.cpp">
      <Filter>Source</Filter>
    </ClCompile>
    <ClCompile Include="..\Engine\Engine.cpp">
      <Filter>Source</Filter>
    </ClCompile>
  </ItemGroup>
  <ItemGroup>
    <ClInclude Include="..\Engine\BuildSceneMessage.h">
      <Filter>Source</Filter>
    </ClInclude>
    <ClInclude Include="..\Engine\ComponentBuilder.h">
      <Filter>Source</Filter>
    </ClInclude>
    <ClInclude Include="..\Engine\ComponentFactory.h">
      <Filter>Source</Filter>
    </ClInclude>
    <ClInclude Include="..\Engine\Consts.h">
      <Filter>Source</Filter>
    </ClInclude>
    <ClInclude Include="..\Engine\CustomException.h">
      <Filter>Source</Filter>
    </ClInclude>
    <ClInclude Include="..\Engine\DrawSpriteMessage.h">
      <Filter>Source</Filter>
    </ClInclude>
    <ClInclude Include="..\Engine\DrawTextMessage.h">
      <Filter>Source</Filter>
    </ClInclude>
    <ClInclude Include="..\Engine\DXErr.h">
      <Filter>Source</Filter>
    </ClInclude>
    <ClInclude Include="..\Engine\FrameTimer.h">
      <Filter>Source</Filter>
    </ClInclude>
    <ClInclude Include="..\Engine\GameObject.h">
      <Filter>Source</Filter>
    </ClInclude>
    <ClInclude Include="..\Engine\IComponent.h">
      <Filter>Source</Filter>
    </ClInclude>
    <ClInclude Include="..\Engine\IComponentMessage.h">
      <Filter>Source</Filter>
    </ClInclude>
    <ClInclude Include="..\Engine\IDrawableComponent.h">
      <Filter>Source</Filter>
    </ClInclude>
    <ClInclude Include="..\Engine\IGraphics.h">
      <Filter>Source</Filter>
    </ClInclude>
    <ClInclude Include="..\Engine\IListener.h">
      <Filter>Source</Filter>
    </ClInclude>
    <ClInclude Include="..\Engine\IMessage.h">
      <Filter>Source</Filter>
    </ClInclude>
    <ClInclude Include="..\Engine\IMessageableComponent.h">
      <Filter>Source</Filter>
    </ClInclude>
    <ClInclude Include="..\Engine\IMessenger.h">
      <Filter>Source</Filter>
    </ClInclude>
    <ClInclude Include="..\Engine\InitaliseGraphicsMessage.h">
      <Filter>Source</Filter>
    </ClInclude>
    <ClInclude Include="..\Engine\InputKeyboardMessage.h">
      <Filter>Source</Filter>
    </ClInclude>
    <ClInclude Include="..\Engine\InputMouseMessage.h">
      <Filter>Source</Filter>
    </ClInclude>
    <ClInclude Include="..\Engine\ISystem.h">
      <Filter>Source</Filter>
    </ClInclude>
    <ClInclude Include="..\Engine\ISystemMessage.h">
      <Filter>Source</Filter>
    </ClInclude>
    <ClInclude Include="..\Engine\IUpdateableComponent.h">
      <Filter>Source</Filter>
    </ClInclude>
    <ClInclude Include="..\Engine\MainWindow.h">
      <Filter>Source</Filter>
    </ClInclude>
    <ClInclude Include="..\Engine\Math.h">
      <Filter>Source</Filter>
    </ClInclude>
    <ClInclude Include="..\Engine\rapidxml.hpp">
      <Filter>Source</Filter>
    </ClInclude>
    <ClInclude Include="..\Engine\rapidxml_print.hpp">
      <Filter>Source</Filter>
    </ClInclude>
    <ClInclude Include="..\Engine\Rect.h">
      <Filter>Source</Filter>
    </ClInclude>
    <ClInclude Include="..\Engine\RequestBuildSceneMessage.h">
      <Filter>Source</Filter>
    </ClInclude>
    <ClInclude Include="..\Engine\Resource.h">
      <Filter>Source</Filter>
    </ClInclude>
    <ClInclude Include="..\Engine\SceneBuilder.h">
      <Filter>Source</Filter>
    </ClInclude>
    <ClInclude Include="..\Engine\SceneManager.h">
      <Filter>Source</Filter>
    </ClInclude>
    <ClInclude Include="..\Engine\SetParentTransformMessage.h">
      <Filter>Source</Filter>
    </ClInclude>
    <ClInclude Include="..\Engine\SystemMessageDispatcher.h">
      <Filter>Source</Filter>
    </ClInclude>
    <ClInclude Include="..\Engine\SystemMessageListener.h">
      <Filter>Source</Filter>
    </ClInclude>
    <ClInclude Include="..\Engine\SystemMessageMessenger.h">
      <Filter>Source</Filter>
    </ClInclude>
    <ClInclude Include="..\Engine\TestGraphics.h">
      <Filter>Source</Filter>
    </ClInclude>
    <ClInclude Include="..\Engine\TransformComponent.h">
      <Filter>Source</Filter>
    </ClInclude>
    <ClInclude Include="..\Engine\WinDefines.h">
      <Filter>Source</Filter>
    </ClInclude>
    <ClInclude Include="..\Engine\InputHandler.h">
      <Filter>Source</Filter>
    </ClInclude>
    <ClInclude Include="..\Engine\TestCommand.h">
      <Filter>Source</Filter>
    </ClInclude>
    <ClInclude Include="..\Engine\Scene.h">
      <Filter>Source</Filter>
    </ClInclude>
    <ClInclude Include="..\Engine\Editor.h">
      <Filter>Source</Filter>
    </ClInclude>
    <ClInclude Include="..\Engine\ISystemToGameObjectMessage.h">
      <Filter>Source</Filter>
    </ClInclude>
    <ClInclude Include="..\Engine\Engine.h">
      <Filter>Source</Filter>
    </ClInclude>
  </ItemGroup>
</Project>