<?xml version="1.0" encoding="utf-8"?>
<Project ToolsVersion="4.0" xmlns="http://schemas.microsoft.com/developer/msbuild/2003">
  <ItemGroup>
    <Filter Include="Source">
      <UniqueIdentifier>{6c8cbbe5-799d-4751-b065-08f08354ad33}</UniqueIdentifier>
    </Filter>
    <Filter Include="GameObjectTests">
      <UniqueIdentifier>{5b950b75-0597-4281-a421-4bb9c32aaef2}</UniqueIdentifier>
    </Filter>
    <Filter Include="MessagingTests">
      <UniqueIdentifier>{e916b4f1-e469-45bb-a1a4-f16269df86b6}</UniqueIdentifier>
    </Filter>
    <Filter Include="EngineTests">
      <UniqueIdentifier>{de71e003-ec23-4a1e-a638-38c169484d6c}</UniqueIdentifier>
    </Filter>
    <Filter Include="EngineTests\SceneBuilder">
      <UniqueIdentifier>{90ad5812-dfee-4241-b747-e0940dd8a65b}</UniqueIdentifier>
    </Filter>
    <Filter Include="EngineTests\Core">
      <UniqueIdentifier>{43b89955-674b-4468-bf4f-d85767abf9d4}</UniqueIdentifier>
    </Filter>
  </ItemGroup>
  <ItemGroup>
    <ClCompile Include="..\Engine\ComponentBuilder.cpp">
      <Filter>Source</Filter>
    </ClCompile>
    <ClCompile Include="..\Engine\DXErr.cpp">
      <Filter>Source</Filter>
    </ClCompile>
    <ClCompile Include="..\Engine\GameObject.cpp">
      <Filter>Source</Filter>
    </ClCompile>
    <ClCompile Include="..\Engine\Main.cpp">
      <Filter>Source</Filter>
    </ClCompile>
    <ClCompile Include="..\Engine\MainWindow.cpp">
      <Filter>Source</Filter>
    </ClCompile>
    <ClCompile Include="..\Engine\SceneBuilder.cpp">
      <Filter>Source</Filter>
    </ClCompile>
    <ClCompile Include="..\Engine\SystemMessageDispatcher.cpp">
      <Filter>Source</Filter>
    </ClCompile>
    <ClCompile Include="..\Engine\TransformComponent.cpp">
      <Filter>Source</Filter>
    </ClCompile>
    <ClCompile Include="SceneBuilderTests.cpp">
      <Filter>EngineTests\SceneBuilder</Filter>
    </ClCompile>
    <ClCompile Include="GameObjectTests.cpp">
      <Filter>GameObjectTests</Filter>
    </ClCompile>
    <ClCompile Include="MessagingTests.cpp">
      <Filter>MessagingTests</Filter>
    </ClCompile>
    <ClCompile Include="..\Engine\InputHandler.cpp">
      <Filter>Source</Filter>
    </ClCompile>
    <ClCompile Include="..\Engine\TestCommand.cpp">
      <Filter>Source</Filter>
    </ClCompile>
    <ClCompile Include="..\Engine\Scene.cpp">
      <Filter>Source</Filter>
    </ClCompile>
    <ClCompile Include="..\Engine\SceneManager.cpp">
      <Filter>Source</Filter>
    </ClCompile>
    <ClCompile Include="..\Engine\Engine.cpp">
      <Filter>Source</Filter>
    </ClCompile>
    <ClCompile Include="..\Engine\SceneSaver.cpp">
      <Filter>Source</Filter>
    </ClCompile>
    <ClCompile Include="..\Engine\ComponentSaver.cpp">
      <Filter>Source</Filter>
    </ClCompile>
    <ClCompile Include="..\Engine\ComponentFactory.cpp">
      <Filter>Source</Filter>
    </ClCompile>
    <ClCompile Include="..\Engine\DxGraphics.cpp">
      <Filter>Source</Filter>
    </ClCompile>
    <ClCompile Include="..\Engine\SpriteRendererComponent.cpp">
      <Filter>Source</Filter>
    </ClCompile>
    <ClCompile Include="CoreEngineTests.cpp">
      <Filter>EngineTests\Core</Filter>
    </ClCompile>
    <ClCompile Include="..\Engine\PhysicsSystem.cpp">
      <Filter>Source</Filter>
    </ClCompile>
    <ClCompile Include="..\Engine\BoxColliderComponent.cpp">
      <Filter>Source</Filter>
    </ClCompile>
    <ClCompile Include="..\Engine\CircleColliderComponent.cpp">
      <Filter>Source</Filter>
    </ClCompile>
    <ClCompile Include="..\Engine\Collision.cpp">
      <Filter>Source</Filter>
    </ClCompile>
    <ClCompile Include="..\Engine\ObjectGrid.cpp">
      <Filter>Source</Filter>
    </ClCompile>
    <ClCompile Include="..\Engine\PolygonColliderComponent.cpp">
      <Filter>Source</Filter>
    </ClCompile>
    <ClCompile Include="..\Engine\RigidBodyComponent.cpp">
      <Filter>Source</Filter>
    </ClCompile>
    <ClCompile Include="..\Engine\AudioSoundFileManager.cpp">
      <Filter>Source</Filter>
    </ClCompile>
    <ClCompile Include="..\Engine\AudioSystem.cpp">
      <Filter>Source</Filter>
    </ClCompile>
    <ClCompile Include="..\Engine\TextRendererComponent.cpp">
      <Filter>Source</Filter>
    </ClCompile>
    <ClCompile Include="..\Engine\Animation.cpp">
      <Filter>Source</Filter>
    </ClCompile>
    <ClCompile Include="..\Engine\ISpriteComponent.cpp">
      <Filter>Source</Filter>
    </ClCompile>
    <ClCompile Include="..\Engine\SpriteAnimatedComponent.cpp">
      <Filter>Source</Filter>
    </ClCompile>
    <ClCompile Include="..\Engine\AComponentFactory.cpp">
      <Filter>Source</Filter>
    </ClCompile>
    <ClCompile Include="..\Engine\AControllerComponent.cpp">
      <Filter>Source</Filter>
    </ClCompile>
    <ClCompile Include="..\Engine\AGameManagerComponent.cpp">
      <Filter>Source</Filter>
    </ClCompile>
    <ClCompile Include="..\Engine\APlatformManagerComponent.cpp">
      <Filter>Source</Filter>
    </ClCompile>
    <ClCompile Include="..\Engine\MBackgroundComponent.cpp">
      <Filter>Source</Filter>
    </ClCompile>
    <ClCompile Include="..\Engine\MCharacterComponent.cpp">
      <Filter>Source</Filter>
    </ClCompile>
    <ClCompile Include="..\Engine\MComponentFactory.cpp">
      <Filter>Source</Filter>
    </ClCompile>
    <ClCompile Include="..\Engine\LevelManager.cpp">
      <Filter>Source</Filter>
    </ClCompile>
    <ClCompile Include="..\Engine\AudioSourceComponent.cpp">
      <Filter>Source</Filter>
    </ClCompile>
    <ClCompile Include="..\Engine\EditorSystem.cpp">
      <Filter>Source</Filter>
    </ClCompile>
    <ClCompile Include="DxGraphicTests.cpp">
      <Filter>EngineTests\Core</Filter>
    </ClCompile>
    <ClCompile Include="..\Engine\MPhantomComponent.cpp">
      <Filter>Source</Filter>
    </ClCompile>
    <ClCompile Include="..\Engine\MChestComponent.cpp">
      <Filter>Source</Filter>
    </ClCompile>
    <ClCompile Include="..\Engine\MIntroComponent.cpp">
      <Filter>Source</Filter>
    </ClCompile>
  </ItemGroup>
  <ItemGroup>
    <ClInclude Include="..\Engine\BuildSceneMessage.h">
      <Filter>Source</Filter>
    </ClInclude>
    <ClInclude Include="..\Engine\ComponentBuilder.h">
      <Filter>Source</Filter>
    </ClInclude>
    <ClInclude Include="..\Engine\ComponentFactory.h">
      <Filter>Source</Filter>
    </ClInclude>
    <ClInclude Include="..\Engine\Consts.h">
      <Filter>Source</Filter>
    </ClInclude>
    <ClInclude Include="..\Engine\CustomException.h">
      <Filter>Source</Filter>
    </ClInclude>
    <ClInclude Include="..\Engine\DrawSpriteMessage.h">
      <Filter>Source</Filter>
    </ClInclude>
    <ClInclude Include="..\Engine\DrawTextMessage.h">
      <Filter>Source</Filter>
    </ClInclude>
    <ClInclude Include="..\Engine\DXErr.h">
      <Filter>Source</Filter>
    </ClInclude>
    <ClInclude Include="..\Engine\GameObject.h">
      <Filter>Source</Filter>
    </ClInclude>
    <ClInclude Include="..\Engine\IComponent.h">
      <Filter>Source</Filter>
    </ClInclude>
    <ClInclude Include="..\Engine\IComponentMessage.h">
      <Filter>Source</Filter>
    </ClInclude>
    <ClInclude Include="..\Engine\IDrawableComponent.h">
      <Filter>Source</Filter>
    </ClInclude>
    <ClInclude Include="..\Engine\IGraphics.h">
      <Filter>Source</Filter>
    </ClInclude>
    <ClInclude Include="..\Engine\IListener.h">
      <Filter>Source</Filter>
    </ClInclude>
    <ClInclude Include="..\Engine\IMessage.h">
      <Filter>Source</Filter>
    </ClInclude>
    <ClInclude Include="..\Engine\IMessageableComponent.h">
      <Filter>Source</Filter>
    </ClInclude>
    <ClInclude Include="..\Engine\IMessenger.h">
      <Filter>Source</Filter>
    </ClInclude>
    <ClInclude Include="..\Engine\InitaliseGraphicsMessage.h">
      <Filter>Source</Filter>
    </ClInclude>
    <ClInclude Include="..\Engine\InputKeyboardMessage.h">
      <Filter>Source</Filter>
    </ClInclude>
    <ClInclude Include="..\Engine\InputMouseMessage.h">
      <Filter>Source</Filter>
    </ClInclude>
    <ClInclude Include="..\Engine\ISystem.h">
      <Filter>Source</Filter>
    </ClInclude>
    <ClInclude Include="..\Engine\ISystemMessage.h">
      <Filter>Source</Filter>
    </ClInclude>
    <ClInclude Include="..\Engine\IUpdateableComponent.h">
      <Filter>Source</Filter>
    </ClInclude>
    <ClInclude Include="..\Engine\MainWindow.h">
      <Filter>Source</Filter>
    </ClInclude>
    <ClInclude Include="..\Engine\Math.h">
      <Filter>Source</Filter>
    </ClInclude>
    <ClInclude Include="..\Engine\rapidxml.hpp">
      <Filter>Source</Filter>
    </ClInclude>
    <ClInclude Include="..\Engine\rapidxml_print.hpp">
      <Filter>Source</Filter>
    </ClInclude>
    <ClInclude Include="..\Engine\RequestBuildSceneMessage.h">
      <Filter>Source</Filter>
    </ClInclude>
    <ClInclude Include="..\Engine\Resource.h">
      <Filter>Source</Filter>
    </ClInclude>
    <ClInclude Include="..\Engine\SceneBuilder.h">
      <Filter>Source</Filter>
    </ClInclude>
    <ClInclude Include="..\Engine\SceneManager.h">
      <Filter>Source</Filter>
    </ClInclude>
    <ClInclude Include="..\Engine\SetParentTransformMessage.h">
      <Filter>Source</Filter>
    </ClInclude>
    <ClInclude Include="..\Engine\SystemMessageDispatcher.h">
      <Filter>Source</Filter>
    </ClInclude>
    <ClInclude Include="..\Engine\SystemMessageListener.h">
      <Filter>Source</Filter>
    </ClInclude>
    <ClInclude Include="..\Engine\SystemMessageMessenger.h">
      <Filter>Source</Filter>
    </ClInclude>
    <ClInclude Include="..\Engine\TransformComponent.h">
      <Filter>Source</Filter>
    </ClInclude>
    <ClInclude Include="..\Engine\WinDefines.h">
      <Filter>Source</Filter>
    </ClInclude>
    <ClInclude Include="..\Engine\InputHandler.h">
      <Filter>Source</Filter>
    </ClInclude>
    <ClInclude Include="..\Engine\TestCommand.h">
      <Filter>Source</Filter>
    </ClInclude>
    <ClInclude Include="..\Engine\Scene.h">
      <Filter>Source</Filter>
    </ClInclude>
    <ClInclude Include="..\Engine\ISystemToGameObjectMessage.h">
      <Filter>Source</Filter>
    </ClInclude>
    <ClInclude Include="..\Engine\Engine.h">
      <Filter>Source</Filter>
    </ClInclude>
    <ClInclude Include="..\Engine\SceneSaver.h">
      <Filter>Source</Filter>
    </ClInclude>
    <ClInclude Include="..\Engine\ComponentSaver.h">
      <Filter>Source</Filter>
    </ClInclude>
    <ClInclude Include="..\Engine\DxGraphics.h">
      <Filter>Source</Filter>
    </ClInclude>
    <ClInclude Include="..\Engine\IRenderableComponent.h">
      <Filter>Source</Filter>
    </ClInclude>
    <ClInclude Include="..\Engine\SpriteRendererComponent.h">
      <Filter>Source</Filter>
    </ClInclude>
    <ClInclude Include="..\Engine\PhysicsSystem.h">
      <Filter>Source</Filter>
    </ClInclude>
    <ClInclude Include="..\Engine\BoxColliderComponent.h">
      <Filter>Source</Filter>
    </ClInclude>
    <ClInclude Include="..\Engine\CircleColliderComponent.h">
      <Filter>Source</Filter>
    </ClInclude>
    <ClInclude Include="..\Engine\ColliderComponent.h">
      <Filter>Source</Filter>
    </ClInclude>
    <ClInclude Include="..\Engine\Collision.h">
      <Filter>Source</Filter>
    </ClInclude>
    <ClInclude Include="..\Engine\ObjectGrid.h">
      <Filter>Source</Filter>
    </ClInclude>
    <ClInclude Include="..\Engine\PolygonColliderComponent.h">
      <Filter>Source</Filter>
    </ClInclude>
    <ClInclude Include="..\Engine\SaveSceneMessage.h">
      <Filter>Source</Filter>
    </ClInclude>
    <ClInclude Include="..\Engine\RigidBodyComponent.h">
      <Filter>Source</Filter>
    </ClInclude>
    <ClInclude Include="..\Engine\AudioSoundFileManager.h">
      <Filter>Source</Filter>
    </ClInclude>
    <ClInclude Include="..\Engine\AudioSystem.h">
      <Filter>Source</Filter>
    </ClInclude>
    <ClInclude Include="..\Engine\PlayAudioMessage.h">
      <Filter>Source</Filter>
    </ClInclude>
    <ClInclude Include="..\Engine\TextRendererComponent.h">
      <Filter>Source</Filter>
    </ClInclude>
    <ClInclude Include="..\Engine\Animation.h">
      <Filter>Source</Filter>
    </ClInclude>
    <ClInclude Include="..\Engine\ISpriteComponent.h">
      <Filter>Source</Filter>
    </ClInclude>
    <ClInclude Include="..\Engine\SpriteAnimatedComponent.h">
      <Filter>Source</Filter>
    </ClInclude>
    <ClInclude Include="..\Engine\AComponentFactory.h">
      <Filter>Source</Filter>
    </ClInclude>
    <ClInclude Include="..\Engine\AControllerComponent.h">
      <Filter>Source</Filter>
    </ClInclude>
    <ClInclude Include="..\Engine\AGameManagerComponent.h">
      <Filter>Source</Filter>
    </ClInclude>
    <ClInclude Include="..\Engine\APlatformManagerComponent.h">
      <Filter>Source</Filter>
    </ClInclude>
    <ClInclude Include="..\Engine\MBackgroundComponent.h">
      <Filter>Source</Filter>
    </ClInclude>
    <ClInclude Include="..\Engine\MCharacterComponent.h">
      <Filter>Source</Filter>
    </ClInclude>
    <ClInclude Include="..\Engine\MComponentFactory.h">
      <Filter>Source</Filter>
    </ClInclude>
    <ClInclude Include="..\Engine\LevelManager.h">
      <Filter>Source</Filter>
    </ClInclude>
    <ClInclude Include="..\Engine\AudioSourceComponent.h">
      <Filter>Source</Filter>
    </ClInclude>
    <ClInclude Include="..\Engine\EditorSystem.h">
      <Filter>Source</Filter>
    </ClInclude>
    <ClInclude Include="..\Engine\MPhantomComponent.h">
      <Filter>Source</Filter>
    </ClInclude>
    <ClInclude Include="..\Engine\MChestComponent.h">
      <Filter>Source</Filter>
    </ClInclude>
    <ClInclude Include="..\Engine\MIntroComponent.h">
      <Filter>Source</Filter>
    </ClInclude>
  </ItemGroup>
</Project>